
Microsoft Visual Studio Solution File, Format Version 12.00
# Visual Studio Version 16
VisualStudioVersion = 16.0.810.23
MinimumVisualStudioVersion = 10.0.40219.1
Project("{FAE04EC0-301F-11D3-BF4B-00C04F79EFBC}") = "PhonesTrisIV", "PhonesTrisIV\PhonesTrisIV.csproj", "{1AD23B81-A37F-4DA9-902E-BA0865895FE5}"
EndProject
Global
	GlobalSection(SolutionConfigurationPlatforms) = preSolution
		Debug|iPhoneSimulator = Debug|iPhoneSimulator
		Release|iPhoneSimulator = Release|iPhoneSimulator
		Debug|iPhone = Debug|iPhone
		Release|iPhone = Release|iPhone
		Ad-Hoc|iPhone = Ad-Hoc|iPhone
		AppStore|iPhone = AppStore|iPhone
	EndGlobalSection
	GlobalSection(ProjectConfigurationPlatforms) = postSolution
		{1AD23B81-A37F-4DA9-902E-BA0865895FE5}.Debug|iPhoneSimulator.ActiveCfg = Debug|iPhoneSimulator
		{1AD23B81-A37F-4DA9-902E-BA0865895FE5}.Debug|iPhoneSimulator.Build.0 = Debug|iPhoneSimulator
		{1AD23B81-A37F-4DA9-902E-BA0865895FE5}.Release|iPhoneSimulator.ActiveCfg = Release|iPhoneSimulator
		{1AD23B81-A37F-4DA9-902E-BA0865895FE5}.Release|iPhoneSimulator.Build.0 = Release|iPhoneSimulator
		{1AD23B81-A37F-4DA9-902E-BA0865895FE5}.Debug|iPhone.ActiveCfg = Debug|iPhone
		{1AD23B81-A37F-4DA9-902E-BA0865895FE5}.Debug|iPhone.Build.0 = Debug|iPhone
		{1AD23B81-A37F-4DA9-902E-BA0865895FE5}.Release|iPhone.ActiveCfg = Release|iPhone
		{1AD23B81-A37F-4DA9-902E-BA0865895FE5}.Release|iPhone.Build.0 = Release|iPhone
		{1AD23B81-A37F-4DA9-902E-BA0865895FE5}.Ad-Hoc|iPhone.ActiveCfg = Ad-Hoc|iPhone
		{1AD23B81-A37F-4DA9-902E-BA0865895FE5}.Ad-Hoc|iPhone.Build.0 = Ad-Hoc|iPhone
		{1AD23B81-A37F-4DA9-902E-BA0865895FE5}.AppStore|iPhone.ActiveCfg = AppStore|iPhone
		{1AD23B81-A37F-4DA9-902E-BA0865895FE5}.AppStore|iPhone.Build.0 = AppStore|iPhone
	EndGlobalSection
	GlobalSection(SolutionProperties) = preSolution
		HideSolutionNode = FALSE
	EndGlobalSection
	GlobalSection(ExtensibilityGlobals) = postSolution
		SolutionGuid = {009D1B1B-70D2-4D46-B9CC-12FCF299DEDE}
	EndGlobalSection
EndGlobal
